{
    "_readme": [
        "This file locks the dependencies of your project to a known state",
        "Read more about it at http://getcomposer.org/doc/01-basic-usage.md#composer-lock-the-lock-file"
    ],
    "hash": "abb851ab5bd87446af460c1e0e5f30c3",
    "packages": [
        {
            "name": "composer/installers",
            "version": "dev-master",
            "source": {
                "type": "git",
                "url": "https://github.com/charlesportwoodii/installers.git",
                "reference": "c5ef36f3d0296c606ee4fa29d5578763cf3a74e2"
            },
            "dist": {
                "type": "zip",
                "url": "https://api.github.com/repos/charlesportwoodii/installers/zipball/c5ef36f3d0296c606ee4fa29d5578763cf3a74e2",
                "reference": "c5ef36f3d0296c606ee4fa29d5578763cf3a74e2",
                "shasum": ""
            },
            "replace": {
                "shama/baton": "*"
            },
            "require-dev": {
                "composer/composer": "1.0.*@dev",
                "phpunit/phpunit": "3.7.*"
            },
            "type": "composer-installer",
            "extra": {
                "class": "Composer\\Installers\\Installer",
                "branch-alias": {
                    "dev-master": "1.0-dev"
                }
            },
            "autoload": {
                "psr-0": {
                    "Composer\\Installers\\": "src/"
                }
            },
            "license": [
                "MIT"
            ],
            "authors": [
                {
                    "name": "Kyle Robinson Young",
                    "email": "kyle@dontkry.com",
                    "homepage": "https://github.com/shama"
                }
            ],
            "description": "A multi-framework Composer library installer",
            "homepage": "http://composer.github.com/installers/",
            "keywords": [
                "AGL",
                "AnnotateCms",
                "CakePHP",
                "CodeIgniter",
                "Craft",
                "Croogo",
                "Drupal",
                "Elgg",
                "FuelPHP",
                "Hurad",
                "Joomla",
                "Kohana",
                "Laravel",
                "Lithium",
                "MODULEWork",
                "MODX Evo",
                "Magento",
                "Mako",
                "MediaWiki",
                "OXID",
                "PPI",
                "Piwik",
                "SilverStripe",
                "TYPO3",
                "WolfCMS",
                "WordPress",
                "Zend",
                "Zikula",
                "concrete5",
                "installer",
                "phpBB",
                "shopware",
                "symfony"
            ],
            "support": {
                "source": "https://github.com/charlesportwoodii/installers/tree/master"
            },
            "time": "2014-04-07 21:24:39"
        },
        {
            "name": "facebook/php-sdk",
            "version": "v3.2.3",
            "source": {
                "type": "git",
                "url": "https://github.com/facebook/facebook-php-sdk.git",
                "reference": "6714042fa2f5979d4c64c7d11fb4bcab16bdf6cb"
            },
            "dist": {
                "type": "zip",
                "url": "https://api.github.com/repos/facebook/facebook-php-sdk/zipball/6714042fa2f5979d4c64c7d11fb4bcab16bdf6cb",
                "reference": "6714042fa2f5979d4c64c7d11fb4bcab16bdf6cb",
                "shasum": ""
            },
            "require": {
                "ext-curl": "*",
                "ext-json": "*",
                "php": ">=5.2.0"
            },
            "require-dev": {
                "phpunit/phpunit": "3.7.*"
            },
            "type": "library",
            "autoload": {
                "classmap": [
                    "src"
                ]
            },
            "notification-url": "https://packagist.org/downloads/",
            "license": [
                "Apache2"
            ],
            "authors": [
                {
                    "name": "Facebook",
                    "homepage": "https://github.com/facebook/facebook-php-sdk/contributors"
                }
            ],
            "description": "Facebook PHP SDK",
            "homepage": "https://github.com/facebook/facebook-php-sdk",
            "keywords": [
                "facebook",
                "sdk"
            ],
            "time": "2013-11-19 23:11:14"
        },
        {
            "name": "google/apiclient",
            "version": "dev-master",
            "source": {
                "type": "git",
                "url": "https://github.com/google/google-api-php-client.git",
                "reference": "242467783ed401aed137ba3eed8a6e30c0dc95c6"
            },
            "dist": {
                "type": "zip",
                "url": "https://api.github.com/repos/google/google-api-php-client/zipball/242467783ed401aed137ba3eed8a6e30c0dc95c6",
                "reference": "242467783ed401aed137ba3eed8a6e30c0dc95c6",
                "shasum": ""
            },
            "require": {
                "php": ">=5.2.1"
            },
            "require-dev": {
                "phpunit/phpunit": "3.7.*"
            },
            "type": "library",
            "autoload": {
                "classmap": [
                    "src/"
                ]
            },
            "notification-url": "https://packagist.org/downloads/",
            "include-path": [
                "src/"
            ],
            "license": [
                "Apache-2.0"
            ],
            "description": "Client library for Google APIs",
            "homepage": "http://developers.google.com/api-client-library/php",
            "keywords": [
                "google"
            ],
            "time": "2014-04-05 06:04:45"
        },
        {
            "name": "kertz/twitteroauth",
            "version": "dev-master",
            "source": {
                "type": "git",
                "url": "https://github.com/kertz/twitteroauth.git",
                "reference": "97b677ca030e7de7dcade797aabb4af8a3aa463f"
            },
            "dist": {
                "type": "zip",
                "url": "https://api.github.com/repos/kertz/twitteroauth/zipball/97b677ca030e7de7dcade797aabb4af8a3aa463f",
                "reference": "97b677ca030e7de7dcade797aabb4af8a3aa463f",
                "shasum": ""
            },
            "require": {
                "ext-curl": "*",
                "php": ">=5.3.0"
            },
            "type": "library",
            "autoload": {
                "classmap": [
                    "twitteroauth"
                ]
            },
            "notification-url": "https://packagist.org/downloads/",
            "time": "2014-02-23 11:27:58"
        }
    ],
    "packages-dev": [

    ],
    "aliases": [

    ],
    "minimum-stability": "stable",
    "stability-flags": {
        "composer/installers": 20,
        "kertz/twitteroauth": 20,
        "google/apiclient": 20
    },
    "platform": [

    ],
    "platform-dev": [

    ]
}
